# This file was autogenerated by Stack.
# You should not edit this file by hand.
# For more information, please see the documentation at:
#   https://docs.haskellstack.org/en/stable/lock_files

snapshots:
- original:
    url: https://raw.githubusercontent.com/commercialhaskell/stackage-snapshots/master/lts/12/26.yaml
  completed:
    sha256: 95f014df58d0679b1c4a2b7bf2b652b61da8d30de5f571abb0d59015ef678646
    url: https://raw.githubusercontent.com/commercialhaskell/stackage-snapshots/master/lts/12/26.yaml
    size: 509471
packages:
- original:
    hackage: HList-0.5.0.0@sha256:7d7a0bee8d01a7e0e10bf96c5214a21bebae3ecfc02d14fc13bf75458b38ac43,7137
  completed:
    pantry-tree:
      sha256: 2881dd9fe6ee24dad62ecd68be6d98e834823d21b659f4ff0de87475e33371f1
      size: 5718
    hackage: HList-0.5.0.0@sha256:7d7a0bee8d01a7e0e10bf96c5214a21bebae3ecfc02d14fc13bf75458b38ac43,7137
